
Microsoft Visual Studio Solution File, Format Version 12.00
# Visual Studio Version 16
VisualStudioVersion = 16.0.31313.79
MinimumVisualStudioVersion = 10.0.40219.1
Project("{FAE04EC0-301F-11D3-BF4B-00C04F79EFBC}") = "Selenium.Page_object_model", "Selenium.Page_object_model\Selenium.Page_object_model.csproj", "{63C2FCE8-3E85-4F28-9059-1363D793D662}"
EndProject
Global
	GlobalSection(SolutionConfigurationPlatforms) = preSolution
		Debug|Any CPU = Debug|Any CPU
		Release|Any CPU = Release|Any CPU
	EndGlobalSection
	GlobalSection(ProjectConfigurationPlatforms) = postSolution
		{63C2FCE8-3E85-4F28-9059-1363D793D662}.Debug|Any CPU.ActiveCfg = Debug|Any CPU
		{63C2FCE8-3E85-4F28-9059-1363D793D662}.Debug|Any CPU.Build.0 = Debug|Any CPU
		{63C2FCE8-3E85-4F28-9059-1363D793D662}.Release|Any CPU.ActiveCfg = Release|Any CPU
		{63C2FCE8-3E85-4F28-9059-1363D793D662}.Release|Any CPU.Build.0 = Release|Any CPU
	EndGlobalSection
	GlobalSection(SolutionProperties) = preSolution
		HideSolutionNode = FALSE
	EndGlobalSection
	GlobalSection(ExtensibilityGlobals) = postSolution
		SolutionGuid = {2F3F4CA6-5750-4D1F-BCD9-DB3D278912CF}
	EndGlobalSection
EndGlobal
